
Microsoft Visual Studio Solution File, Format Version 12.00
# Visual Studio Version 17
VisualStudioVersion = 17.2.32314.265
MinimumVisualStudioVersion = 10.0.40219.1
Project("{FAE04EC0-301F-11D3-BF4B-00C04F79EFBC}") = "matrix", "matrix\matrix.csproj", "{EA37150D-ED5D-4583-97A1-E6F331E95DE6}"
EndProject
Global
	GlobalSection(SolutionConfigurationPlatforms) = preSolution
		Debug|Any CPU = Debug|Any CPU
		Release|Any CPU = Release|Any CPU
	EndGlobalSection
	GlobalSection(ProjectConfigurationPlatforms) = postSolution
		{EA37150D-ED5D-4583-97A1-E6F331E95DE6}.Debug|Any CPU.ActiveCfg = Debug|Any CPU
		{EA37150D-ED5D-4583-97A1-E6F331E95DE6}.Debug|Any CPU.Build.0 = Debug|Any CPU
		{EA37150D-ED5D-4583-97A1-E6F331E95DE6}.Release|Any CPU.ActiveCfg = Release|Any CPU
		{EA37150D-ED5D-4583-97A1-E6F331E95DE6}.Release|Any CPU.Build.0 = Release|Any CPU
	EndGlobalSection
	GlobalSection(SolutionProperties) = preSolution
		HideSolutionNode = FALSE
	EndGlobalSection
	GlobalSection(ExtensibilityGlobals) = postSolution
		SolutionGuid = {AC390212-B34A-44C2-860B-4248ADF23FA9}
	EndGlobalSection
EndGlobal
