
Microsoft Visual Studio Solution File, Format Version 12.00
# Visual Studio Version 16
VisualStudioVersion = 16.0.29709.97
MinimumVisualStudioVersion = 10.0.40219.1
Project("{FAE04EC0-301F-11D3-BF4B-00C04F79EFBC}") = "app", "app\app.csproj", "{96A30E39-4F16-44FE-89A3-E108ED8A8A2D}"
EndProject
Global
	GlobalSection(SolutionConfigurationPlatforms) = preSolution
		Debug|Any CPU = Debug|Any CPU
		Release|Any CPU = Release|Any CPU
	EndGlobalSection
	GlobalSection(ProjectConfigurationPlatforms) = postSolution
		{96A30E39-4F16-44FE-89A3-E108ED8A8A2D}.Debug|Any CPU.ActiveCfg = Debug|Any CPU
		{96A30E39-4F16-44FE-89A3-E108ED8A8A2D}.Debug|Any CPU.Build.0 = Debug|Any CPU
		{96A30E39-4F16-44FE-89A3-E108ED8A8A2D}.Release|Any CPU.ActiveCfg = Release|Any CPU
		{96A30E39-4F16-44FE-89A3-E108ED8A8A2D}.Release|Any CPU.Build.0 = Release|Any CPU
	EndGlobalSection
	GlobalSection(SolutionProperties) = preSolution
		HideSolutionNode = FALSE
	EndGlobalSection
	GlobalSection(ExtensibilityGlobals) = postSolution
		SolutionGuid = {6FF27B06-3749-4ABC-9651-2A8CE67B2307}
	EndGlobalSection
EndGlobal
