
Microsoft Visual Studio Solution File, Format Version 12.00
# Visual Studio Version 16
VisualStudioVersion = 16.0.29709.97
MinimumVisualStudioVersion = 10.0.40219.1
Project("{FAE04EC0-301F-11D3-BF4B-00C04F79EFBC}") = "MainApp", "MainApp\MainApp.csproj", "{CD344EE1-4F83-4CFC-85BD-C110E16BF1BE}"
EndProject
Project("{FAE04EC0-301F-11D3-BF4B-00C04F79EFBC}") = "MatLib", "MatLib\MatLib.csproj", "{0EC5275D-7825-4978-899F-B0AF1E7DAF63}"
EndProject
Project("{888888A0-9F3D-457C-B088-3A5042F75D52}") = "PythonSurfaceBuilder", "PythonSurfaceBuilder\PythonSurfaceBuilder.pyproj", "{DDC87F70-5554-48AA-9DDE-55E2FBD4A96D}"
EndProject
Global
	GlobalSection(SolutionConfigurationPlatforms) = preSolution
		Debug|Any CPU = Debug|Any CPU
		Release|Any CPU = Release|Any CPU
	EndGlobalSection
	GlobalSection(ProjectConfigurationPlatforms) = postSolution
		{CD344EE1-4F83-4CFC-85BD-C110E16BF1BE}.Debug|Any CPU.ActiveCfg = Debug|Any CPU
		{CD344EE1-4F83-4CFC-85BD-C110E16BF1BE}.Debug|Any CPU.Build.0 = Debug|Any CPU
		{CD344EE1-4F83-4CFC-85BD-C110E16BF1BE}.Release|Any CPU.ActiveCfg = Release|Any CPU
		{CD344EE1-4F83-4CFC-85BD-C110E16BF1BE}.Release|Any CPU.Build.0 = Release|Any CPU
		{0EC5275D-7825-4978-899F-B0AF1E7DAF63}.Debug|Any CPU.ActiveCfg = Debug|Any CPU
		{0EC5275D-7825-4978-899F-B0AF1E7DAF63}.Debug|Any CPU.Build.0 = Debug|Any CPU
		{0EC5275D-7825-4978-899F-B0AF1E7DAF63}.Release|Any CPU.ActiveCfg = Release|Any CPU
		{0EC5275D-7825-4978-899F-B0AF1E7DAF63}.Release|Any CPU.Build.0 = Release|Any CPU
		{DDC87F70-5554-48AA-9DDE-55E2FBD4A96D}.Debug|Any CPU.ActiveCfg = Debug|Any CPU
		{DDC87F70-5554-48AA-9DDE-55E2FBD4A96D}.Release|Any CPU.ActiveCfg = Release|Any CPU
	EndGlobalSection
	GlobalSection(SolutionProperties) = preSolution
		HideSolutionNode = FALSE
	EndGlobalSection
	GlobalSection(ExtensibilityGlobals) = postSolution
		SolutionGuid = {F4868964-EC1F-46AF-9926-B27DBC5586B0}
	EndGlobalSection
EndGlobal
