
Microsoft Visual Studio Solution File, Format Version 12.00
Project("{FAE04EC0-301F-11D3-BF4B-00C04F79EFBC}") = "Lab2Defense", "Lab2Defense\Lab2Defense.csproj", "{322352D3-15B8-4BB3-82E7-64B5EC496593}"
EndProject
Global
	GlobalSection(SolutionConfigurationPlatforms) = preSolution
		Debug|Any CPU = Debug|Any CPU
		Release|Any CPU = Release|Any CPU
	EndGlobalSection
	GlobalSection(ProjectConfigurationPlatforms) = postSolution
		{322352D3-15B8-4BB3-82E7-64B5EC496593}.Debug|Any CPU.ActiveCfg = Debug|Any CPU
		{322352D3-15B8-4BB3-82E7-64B5EC496593}.Debug|Any CPU.Build.0 = Debug|Any CPU
		{322352D3-15B8-4BB3-82E7-64B5EC496593}.Release|Any CPU.ActiveCfg = Release|Any CPU
		{322352D3-15B8-4BB3-82E7-64B5EC496593}.Release|Any CPU.Build.0 = Release|Any CPU
	EndGlobalSection
EndGlobal
