
Microsoft Visual Studio Solution File, Format Version 12.00
Project("{FAE04EC0-301F-11D3-BF4B-00C04F79EFBC}") = "DAL", "DAL\DAL.csproj", "{6F9D2891-3A6E-45F5-8C0F-D06D489348E0}"
EndProject
Project("{FAE04EC0-301F-11D3-BF4B-00C04F79EFBC}") = "ConsoleApp", "ConsoleApp\ConsoleApp.csproj", "{8B06794B-E220-495C-88D5-020913C973E5}"
EndProject
Project("{FAE04EC0-301F-11D3-BF4B-00C04F79EFBC}") = "BLL", "BLL\BLL.csproj", "{1238ED51-F24B-4AEB-B2F3-1F3E92D86BC7}"
EndProject
Project("{FAE04EC0-301F-11D3-BF4B-00C04F79EFBC}") = "WebApp", "WebApp\WebApp.csproj", "{620A9849-4C71-4240-8A7C-15A471B2949B}"
EndProject
Global
	GlobalSection(SolutionConfigurationPlatforms) = preSolution
		Debug|Any CPU = Debug|Any CPU
		Release|Any CPU = Release|Any CPU
	EndGlobalSection
	GlobalSection(ProjectConfigurationPlatforms) = postSolution
		{6F9D2891-3A6E-45F5-8C0F-D06D489348E0}.Debug|Any CPU.ActiveCfg = Debug|Any CPU
		{6F9D2891-3A6E-45F5-8C0F-D06D489348E0}.Debug|Any CPU.Build.0 = Debug|Any CPU
		{6F9D2891-3A6E-45F5-8C0F-D06D489348E0}.Release|Any CPU.ActiveCfg = Release|Any CPU
		{6F9D2891-3A6E-45F5-8C0F-D06D489348E0}.Release|Any CPU.Build.0 = Release|Any CPU
		{8B06794B-E220-495C-88D5-020913C973E5}.Debug|Any CPU.ActiveCfg = Debug|Any CPU
		{8B06794B-E220-495C-88D5-020913C973E5}.Debug|Any CPU.Build.0 = Debug|Any CPU
		{8B06794B-E220-495C-88D5-020913C973E5}.Release|Any CPU.ActiveCfg = Release|Any CPU
		{8B06794B-E220-495C-88D5-020913C973E5}.Release|Any CPU.Build.0 = Release|Any CPU
		{1238ED51-F24B-4AEB-B2F3-1F3E92D86BC7}.Debug|Any CPU.ActiveCfg = Debug|Any CPU
		{1238ED51-F24B-4AEB-B2F3-1F3E92D86BC7}.Debug|Any CPU.Build.0 = Debug|Any CPU
		{1238ED51-F24B-4AEB-B2F3-1F3E92D86BC7}.Release|Any CPU.ActiveCfg = Release|Any CPU
		{1238ED51-F24B-4AEB-B2F3-1F3E92D86BC7}.Release|Any CPU.Build.0 = Release|Any CPU
		{620A9849-4C71-4240-8A7C-15A471B2949B}.Debug|Any CPU.ActiveCfg = Debug|Any CPU
		{620A9849-4C71-4240-8A7C-15A471B2949B}.Debug|Any CPU.Build.0 = Debug|Any CPU
		{620A9849-4C71-4240-8A7C-15A471B2949B}.Release|Any CPU.ActiveCfg = Release|Any CPU
		{620A9849-4C71-4240-8A7C-15A471B2949B}.Release|Any CPU.Build.0 = Release|Any CPU
	EndGlobalSection
EndGlobal
